
Microsoft Visual Studio Solution File, Format Version 12.00
# Visual Studio 2015
Project("{FAE04EC0-301F-11D3-BF4B-00C04F79EFBC}") = "Music-game.CSharp", "Music-game.CSharp.csproj", "{A8DB1A41-7AE1-84FC-BAEC-E036E4179371}"
EndProject
Project("{FAE04EC0-301F-11D3-BF4B-00C04F79EFBC}") = "Music-game.CSharp.Editor", "Music-game.CSharp.Editor.csproj", "{58C5E6CD-BE0D-9F3A-5922-E92531D57555}"
EndProject
Global
	GlobalSection(SolutionConfigurationPlatforms) = preSolution
		Debug|Any CPU = Debug|Any CPU
		Release|Any CPU = Release|Any CPU
	EndGlobalSection
	GlobalSection(ProjectConfigurationPlatforms) = postSolution
		{A8DB1A41-7AE1-84FC-BAEC-E036E4179371}.Debug|Any CPU.ActiveCfg = Debug|Any CPU
		{A8DB1A41-7AE1-84FC-BAEC-E036E4179371}.Debug|Any CPU.Build.0 = Debug|Any CPU
		{A8DB1A41-7AE1-84FC-BAEC-E036E4179371}.Release|Any CPU.ActiveCfg = Release|Any CPU
		{A8DB1A41-7AE1-84FC-BAEC-E036E4179371}.Release|Any CPU.Build.0 = Release|Any CPU
		{58C5E6CD-BE0D-9F3A-5922-E92531D57555}.Debug|Any CPU.ActiveCfg = Debug|Any CPU
		{58C5E6CD-BE0D-9F3A-5922-E92531D57555}.Debug|Any CPU.Build.0 = Debug|Any CPU
		{58C5E6CD-BE0D-9F3A-5922-E92531D57555}.Release|Any CPU.ActiveCfg = Release|Any CPU
		{58C5E6CD-BE0D-9F3A-5922-E92531D57555}.Release|Any CPU.Build.0 = Release|Any CPU
	EndGlobalSection
	GlobalSection(SolutionProperties) = preSolution
		HideSolutionNode = FALSE
	EndGlobalSection
EndGlobal
